<?xml version="1.0" encoding="utf-8"?>
<Project ToolsVersion="4.0" xmlns="http://schemas.microsoft.com/developer/msbuild/2003">
  <ItemGroup>
    <Filter Include="Source Files">
      <UniqueIdentifier>{4FC737F1-C7A5-4376-A066-2A32D752A2FF}</UniqueIdentifier>
      <Extensions>cpp;c;cc;cxx;def;odl;idl;hpj;bat;asm;asmx</Extensions>
    </Filter>
    <Filter Include="Header Files">
      <UniqueIdentifier>{93995380-89BD-4b04-88EB-625FBE52EBFB}</UniqueIdentifier>
      <Extensions>h;hh;hpp;hxx;hm;inl;inc;ipp;xsd</Extensions>
    </Filter>
    <Filter Include="include">
      <UniqueIdentifier>{b4368cc9-ac9e-4dff-9e15-ff6176adf468}</UniqueIdentifier>
    </Filter>
    <Filter Include="lib">
      <UniqueIdentifier>{1d309d5c-4556-485b-ac0a-751ab25b9de5}</UniqueIdentifier>
    </Filter>
  </ItemGroup>
  <ItemGroup>
    <ClCompile Include="..\src\sokol_all.c">
      <Filter>Source Files</Filter>
    </ClCompile>
    <ClCompile Include="..\src\stb_all.c">
      <Filter>Source Files</Filter>
    </ClCompile>
    <ClCompile Include="..\src\ai.cpp">
      <Filter>Source Files</Filter>
    </ClCompile>
    <ClCompile Include="..\src\allocs.cpp">
      <Filter>Source Files</Filter>
    </ClCompile>
    <ClCompile Include="..\src\audio.cpp">
      <Filter>Source Files</Filter>
    </ClCompile>
    <ClCompile Include="..\src\control.cpp">
      <Filter>Source Files</Filter>
    </ClCompile>
    <ClCompile Include="..\src\ecs.cpp">
      <Filter>Source Files</Filter>
    </ClCompile>
    <ClCompile Include="..\src\imgui.cpp">
      <Filter>Source Files</Filter>
    </ClCompile>
    <ClCompile Include="..\src\imgui_demo.cpp">
      <Filter>Source Files</Filter>
    </ClCompile>
    <ClCompile Include="..\src\imgui_draw.cpp">
      <Filter>Source Files</Filter>
    </ClCompile>
    <ClCompile Include="..\src\imgui_impl_glfw.cpp">
      <Filter>Source Files</Filter>
    </ClCompile>
    <ClCompile Include="..\src\imgui_impl_opengl3.cpp">
      <Filter>Source Files</Filter>
    </ClCompile>
    <ClCompile Include="..\src\imgui_widgets.cpp">
      <Filter>Source Files</Filter>
    </ClCompile>
    <ClCompile Include="..\src\linalloc.cpp">
      <Filter>Source Files</Filter>
    </ClCompile>
    <ClCompile Include="..\src\main.cpp">
      <Filter>Source Files</Filter>
    </ClCompile>
    <ClCompile Include="..\src\physics.cpp">
      <Filter>Source Files</Filter>
    </ClCompile>
    <ClCompile Include="..\src\prng.cpp">
      <Filter>Source Files</Filter>
    </ClCompile>
    <ClCompile Include="..\src\renderer.cpp">
      <Filter>Source Files</Filter>
    </ClCompile>
    <ClCompile Include="..\src\ui.cpp">
      <Filter>Source Files</Filter>
    </ClCompile>
    <ClCompile Include="..\src\window.cpp">
      <Filter>Source Files</Filter>
    </ClCompile>
    <ClCompile Include="..\lib\glad.c">
      <Filter>lib</Filter>
    </ClCompile>
    <ClCompile Include="..\src\ctrlbinding.cpp">
      <Filter>Source Files</Filter>
    </ClCompile>
  </ItemGroup>
  <ItemGroup>
    <ClInclude Include="..\src\ai.h">
      <Filter>Header Files</Filter>
    </ClInclude>
    <ClInclude Include="..\src\alloc.h">
      <Filter>Header Files</Filter>
    </ClInclude>
    <ClInclude Include="..\src\allocs.h">
      <Filter>Header Files</Filter>
    </ClInclude>
    <ClInclude Include="..\src\array.h">
      <Filter>Header Files</Filter>
    </ClInclude>
    <ClInclude Include="..\src\audio.h">
      <Filter>Header Files</Filter>
    </ClInclude>
    <ClInclude Include="..\src\bitfield.h">
      <Filter>Header Files</Filter>
    </ClInclude>
    <ClInclude Include="..\src\circular_stack.h">
      <Filter>Header Files</Filter>
    </ClInclude>
    <ClInclude Include="..\src\component_funcs.h">
      <Filter>Header Files</Filter>
    </ClInclude>
    <ClInclude Include="..\src\component_types.h">
      <Filter>Header Files</Filter>
    </ClInclude>
    <ClInclude Include="..\src\control.h">
      <Filter>Header Files</Filter>
    </ClInclude>
    <ClInclude Include="..\src\dict1d.h">
      <Filter>Header Files</Filter>
    </ClInclude>
    <ClInclude Include="..\src\ecs.h">
      <Filter>Header Files</Filter>
    </ClInclude>
    <ClInclude Include="..\src\fixed_array.h">
      <Filter>Header Files</Filter>
    </ClInclude>
    <ClInclude Include="..\src\fnv.h">
      <Filter>Header Files</Filter>
    </ClInclude>
    <ClInclude Include="..\src\gen_array.h">
      <Filter>Header Files</Filter>
    </ClInclude>
    <ClInclude Include="..\src\hlsl_types.h">
      <Filter>Header Files</Filter>
    </ClInclude>
    <ClInclude Include="..\src\imconfig.h">
      <Filter>Header Files</Filter>
    </ClInclude>
    <ClInclude Include="..\src\imgui.h">
      <Filter>Header Files</Filter>
    </ClInclude>
    <ClInclude Include="..\src\imgui_impl_glfw.h">
      <Filter>Header Files</Filter>
    </ClInclude>
    <ClInclude Include="..\src\imgui_impl_opengl3.h">
      <Filter>Header Files</Filter>
    </ClInclude>
    <ClInclude Include="..\src\imgui_internal.h">
      <Filter>Header Files</Filter>
    </ClInclude>
    <ClInclude Include="..\src\imstb_rectpack.h">
      <Filter>Header Files</Filter>
    </ClInclude>
    <ClInclude Include="..\src\imstb_textedit.h">
      <Filter>Header Files</Filter>
    </ClInclude>
    <ClInclude Include="..\src\imstb_truetype.h">
      <Filter>Header Files</Filter>
    </ClInclude>
    <ClInclude Include="..\src\linalloc.h">
      <Filter>Header Files</Filter>
    </ClInclude>
    <ClInclude Include="..\src\linmath_funcs.h">
      <Filter>Header Files</Filter>
    </ClInclude>
    <ClInclude Include="..\src\linmath_operators.h">
      <Filter>Header Files</Filter>
    </ClInclude>
    <ClInclude Include="..\src\macro.h">
      <Filter>Header Files</Filter>
    </ClInclude>
    <ClInclude Include="..\src\matrix_types.h">
      <Filter>Header Files</Filter>
    </ClInclude>
    <ClInclude Include="..\src\memory.h">
      <Filter>Header Files</Filter>
    </ClInclude>
    <ClInclude Include="..\src\memreq.h">
      <Filter>Header Files</Filter>
    </ClInclude>
    <ClInclude Include="..\src\physics.h">
      <Filter>Header Files</Filter>
    </ClInclude>
    <ClInclude Include="..\src\prng.h">
      <Filter>Header Files</Filter>
    </ClInclude>
    <ClInclude Include="..\src\remove.h">
      <Filter>Header Files</Filter>
    </ClInclude>
    <ClInclude Include="..\src\renderer.h">
      <Filter>Header Files</Filter>
    </ClInclude>
    <ClInclude Include="..\src\slice.h">
      <Filter>Header Files</Filter>
    </ClInclude>
    <ClInclude Include="..\src\slot.h">
      <Filter>Header Files</Filter>
    </ClInclude>
    <ClInclude Include="..\src\sokol_audio.h">
      <Filter>Header Files</Filter>
    </ClInclude>
    <ClInclude Include="..\src\sokol_time.h">
      <Filter>Header Files</Filter>
    </ClInclude>
    <ClInclude Include="..\src\sort.h">
      <Filter>Header Files</Filter>
    </ClInclude>
    <ClInclude Include="..\src\stb_image.h">
      <Filter>Header Files</Filter>
    </ClInclude>
    <ClInclude Include="..\src\stb_image_write.h">
      <Filter>Header Files</Filter>
    </ClInclude>
    <ClInclude Include="..\src\stb_perlin.h">
      <Filter>Header Files</Filter>
    </ClInclude>
    <ClInclude Include="..\src\system.h">
      <Filter>Header Files</Filter>
    </ClInclude>
    <ClInclude Include="..\src\ui.h">
      <Filter>Header Files</Filter>
    </ClInclude>
    <ClInclude Include="..\src\vector_types.h">
      <Filter>Header Files</Filter>
    </ClInclude>
    <ClInclude Include="..\src\window.h">
      <Filter>Header Files</Filter>
    </ClInclude>
    <ClInclude Include="..\include\GLFW\glfw3.h">
      <Filter>include</Filter>
    </ClInclude>
    <ClInclude Include="..\include\GLFW\glfw3native.h">
      <Filter>include</Filter>
    </ClInclude>
    <ClInclude Include="..\include\glad.h">
      <Filter>include</Filter>
    </ClInclude>
    <ClInclude Include="..\include\pcg32.h">
      <Filter>include</Filter>
    </ClInclude>
    <ClInclude Include="..\src\ctrlbinding.h">
      <Filter>Header Files</Filter>
    </ClInclude>
    <ClInclude Include="..\src\parser_types.h">
      <Filter>Header Files</Filter>
    </ClInclude>
    <ClInclude Include="..\src\parser_funcs.h">
      <Filter>Header Files</Filter>
    </ClInclude>
    <ClInclude Include="..\src\parsers.h">
      <Filter>Header Files</Filter>
    </ClInclude>
    <ClInclude Include="..\src\find.h">
      <Filter>Header Files</Filter>
    </ClInclude>
  </ItemGroup>
</Project>